
Microsoft Visual Studio Solution File, Format Version 12.00
# Visual Studio Version 17
VisualStudioVersion = 17.3.32922.545
MinimumVisualStudioVersion = 10.0.40219.1
Project("{FAE04EC0-301F-11D3-BF4B-00C04F79EFBC}") = "BikeStoreDB2", "BikeStoreDB2\BikeStoreDB2.csproj", "{C3108888-F6EF-4DFC-993F-B89F8EE4C2F2}"
EndProject
Global
	GlobalSection(SolutionConfigurationPlatforms) = preSolution
		Debug|Any CPU = Debug|Any CPU
		Release|Any CPU = Release|Any CPU
	EndGlobalSection
	GlobalSection(ProjectConfigurationPlatforms) = postSolution
		{C3108888-F6EF-4DFC-993F-B89F8EE4C2F2}.Debug|Any CPU.ActiveCfg = Debug|Any CPU
		{C3108888-F6EF-4DFC-993F-B89F8EE4C2F2}.Debug|Any CPU.Build.0 = Debug|Any CPU
		{C3108888-F6EF-4DFC-993F-B89F8EE4C2F2}.Release|Any CPU.ActiveCfg = Release|Any CPU
		{C3108888-F6EF-4DFC-993F-B89F8EE4C2F2}.Release|Any CPU.Build.0 = Release|Any CPU
	EndGlobalSection
	GlobalSection(SolutionProperties) = preSolution
		HideSolutionNode = FALSE
	EndGlobalSection
	GlobalSection(ExtensibilityGlobals) = postSolution
		SolutionGuid = {F2DD9BBF-854F-441B-808E-A21A5C6A7DBB}
	EndGlobalSection
EndGlobal
